
Microsoft Visual Studio Solution File, Format Version 12.00
# Visual Studio 14
VisualStudioVersion = 14.0.25123.0
MinimumVisualStudioVersion = 10.0.40219.1
Project("{FAE04EC0-301F-11D3-BF4B-00C04F79EFBC}") = "Bridge.CanvasJS", "Bridge.CanvasJS\Bridge.CanvasJS.csproj", "{C3AD7303-7FA3-4CB1-BE4E-DECE584A50B4}"
EndProject
Project("{FAE04EC0-301F-11D3-BF4B-00C04F79EFBC}") = "Bridge.CanvasJS.Examples", "Bridge.CanvasJS.Examples\Bridge.CanvasJS.Examples.csproj", "{BBBB04C2-8C7D-4926-8165-3D6E1ECDA0F7}"
EndProject
Global
	GlobalSection(SolutionConfigurationPlatforms) = preSolution
		Debug|Any CPU = Debug|Any CPU
		Release|Any CPU = Release|Any CPU
	EndGlobalSection
	GlobalSection(ProjectConfigurationPlatforms) = postSolution
		{C3AD7303-7FA3-4CB1-BE4E-DECE584A50B4}.Debug|Any CPU.ActiveCfg = Debug|Any CPU
		{C3AD7303-7FA3-4CB1-BE4E-DECE584A50B4}.Debug|Any CPU.Build.0 = Debug|Any CPU
		{C3AD7303-7FA3-4CB1-BE4E-DECE584A50B4}.Release|Any CPU.ActiveCfg = Release|Any CPU
		{C3AD7303-7FA3-4CB1-BE4E-DECE584A50B4}.Release|Any CPU.Build.0 = Release|Any CPU
		{BBBB04C2-8C7D-4926-8165-3D6E1ECDA0F7}.Debug|Any CPU.ActiveCfg = Debug|Any CPU
		{BBBB04C2-8C7D-4926-8165-3D6E1ECDA0F7}.Debug|Any CPU.Build.0 = Debug|Any CPU
		{BBBB04C2-8C7D-4926-8165-3D6E1ECDA0F7}.Release|Any CPU.ActiveCfg = Release|Any CPU
		{BBBB04C2-8C7D-4926-8165-3D6E1ECDA0F7}.Release|Any CPU.Build.0 = Release|Any CPU
	EndGlobalSection
	GlobalSection(SolutionProperties) = preSolution
		HideSolutionNode = FALSE
	EndGlobalSection
EndGlobal
